
Microsoft Visual Studio Solution File, Format Version 12.00
# Visual Studio Version 17
VisualStudioVersion = 17.5.002.0
MinimumVisualStudioVersion = 10.0.40219.1
Project("{9A19103F-16F7-4668-BE54-9A1E7A4F7556}") = "ConsoleApp1", "ConsoleApp1.csproj", "{19997FD1-1010-49A1-8F49-26A1EBB7E7AA}"
EndProject
Global
	GlobalSection(SolutionConfigurationPlatforms) = preSolution
		Debug|Any CPU = Debug|Any CPU
		Release|Any CPU = Release|Any CPU
	EndGlobalSection
	GlobalSection(ProjectConfigurationPlatforms) = postSolution
		{19997FD1-1010-49A1-8F49-26A1EBB7E7AA}.Debug|Any CPU.ActiveCfg = Debug|Any CPU
		{19997FD1-1010-49A1-8F49-26A1EBB7E7AA}.Debug|Any CPU.Build.0 = Debug|Any CPU
		{19997FD1-1010-49A1-8F49-26A1EBB7E7AA}.Release|Any CPU.ActiveCfg = Release|Any CPU
		{19997FD1-1010-49A1-8F49-26A1EBB7E7AA}.Release|Any CPU.Build.0 = Release|Any CPU
	EndGlobalSection
	GlobalSection(SolutionProperties) = preSolution
		HideSolutionNode = FALSE
	EndGlobalSection
	GlobalSection(ExtensibilityGlobals) = postSolution
		SolutionGuid = {715D72A6-F2F4-4121-A102-C17FC550ED6E}
	EndGlobalSection
EndGlobal
